
Microsoft Visual Studio Solution File, Format Version 12.00
# Visual Studio Version 17
VisualStudioVersion = 17.0.31612.314
MinimumVisualStudioVersion = 10.0.40219.1
Project("{9A19103F-16F7-4668-BE54-9A1E7A4F7556}") = "Traefik.Contracts", "Traefik.Contracts\Traefik.Contracts.csproj", "{F7E5657B-4879-4135-B9B5-EC4ADDC24189}"
EndProject
Project("{2150E333-8FDC-42A3-9474-1A3956D46DE8}") = "Solution Items", "Solution Items", "{0AE4D6C7-4E56-412B-87F6-10D05A7F4A15}"
	ProjectSection(SolutionItems) = preProject
		azure-pipelines.yml = azure-pipelines.yml
		exapmle.yml = exapmle.yml
		README.md = README.md
	EndProjectSection
EndProject
Project("{9A19103F-16F7-4668-BE54-9A1E7A4F7556}") = "Traefik.Contracts.Tests", "Traefik.Contracts.Tests\Traefik.Contracts.Tests.csproj", "{BE243DA1-2E81-4F21-A51A-4273EB2EA50D}"
EndProject
Project("{FAE04EC0-301F-11D3-BF4B-00C04F79EFBC}") = "Traefik.Contracts.Newtonsoft", "Traefik.Contracts.Newtonsoft\Traefik.Contracts.Newtonsoft.csproj", "{45403C2C-7F2F-4ADF-9E1C-B477A2FF9FCB}"
EndProject
Project("{2150E333-8FDC-42A3-9474-1A3956D46DE8}") = "Newtonsoft", "Newtonsoft", "{41D9A766-CB3F-4DFC-B0CE-477682D26B8C}"
EndProject
Project("{FAE04EC0-301F-11D3-BF4B-00C04F79EFBC}") = "Traefik.Contracts.Newtonsoft.Tests", "Traefik.Contracts.Newtonsoft.Tests\Traefik.Contracts.Newtonsoft.Tests.csproj", "{72938145-9402-4E73-A9CB-3BC3E47EF75A}"
EndProject
Global
	GlobalSection(SolutionConfigurationPlatforms) = preSolution
		Debug|Any CPU = Debug|Any CPU
		Release|Any CPU = Release|Any CPU
	EndGlobalSection
	GlobalSection(ProjectConfigurationPlatforms) = postSolution
		{F7E5657B-4879-4135-B9B5-EC4ADDC24189}.Debug|Any CPU.ActiveCfg = Debug|Any CPU
		{F7E5657B-4879-4135-B9B5-EC4ADDC24189}.Debug|Any CPU.Build.0 = Debug|Any CPU
		{F7E5657B-4879-4135-B9B5-EC4ADDC24189}.Release|Any CPU.ActiveCfg = Release|Any CPU
		{F7E5657B-4879-4135-B9B5-EC4ADDC24189}.Release|Any CPU.Build.0 = Release|Any CPU
		{BE243DA1-2E81-4F21-A51A-4273EB2EA50D}.Debug|Any CPU.ActiveCfg = Debug|Any CPU
		{BE243DA1-2E81-4F21-A51A-4273EB2EA50D}.Debug|Any CPU.Build.0 = Debug|Any CPU
		{BE243DA1-2E81-4F21-A51A-4273EB2EA50D}.Release|Any CPU.ActiveCfg = Release|Any CPU
		{BE243DA1-2E81-4F21-A51A-4273EB2EA50D}.Release|Any CPU.Build.0 = Release|Any CPU
		{45403C2C-7F2F-4ADF-9E1C-B477A2FF9FCB}.Debug|Any CPU.ActiveCfg = Debug|Any CPU
		{45403C2C-7F2F-4ADF-9E1C-B477A2FF9FCB}.Debug|Any CPU.Build.0 = Debug|Any CPU
		{45403C2C-7F2F-4ADF-9E1C-B477A2FF9FCB}.Release|Any CPU.ActiveCfg = Release|Any CPU
		{45403C2C-7F2F-4ADF-9E1C-B477A2FF9FCB}.Release|Any CPU.Build.0 = Release|Any CPU
		{72938145-9402-4E73-A9CB-3BC3E47EF75A}.Debug|Any CPU.ActiveCfg = Debug|Any CPU
		{72938145-9402-4E73-A9CB-3BC3E47EF75A}.Debug|Any CPU.Build.0 = Debug|Any CPU
		{72938145-9402-4E73-A9CB-3BC3E47EF75A}.Release|Any CPU.ActiveCfg = Release|Any CPU
		{72938145-9402-4E73-A9CB-3BC3E47EF75A}.Release|Any CPU.Build.0 = Release|Any CPU
	EndGlobalSection
	GlobalSection(SolutionProperties) = preSolution
		HideSolutionNode = FALSE
	EndGlobalSection
	GlobalSection(NestedProjects) = preSolution
		{45403C2C-7F2F-4ADF-9E1C-B477A2FF9FCB} = {41D9A766-CB3F-4DFC-B0CE-477682D26B8C}
		{72938145-9402-4E73-A9CB-3BC3E47EF75A} = {41D9A766-CB3F-4DFC-B0CE-477682D26B8C}
	EndGlobalSection
	GlobalSection(ExtensibilityGlobals) = postSolution
		SolutionGuid = {A8C4D206-1E23-43DD-934E-97C53D19066B}
	EndGlobalSection
EndGlobal
